
Microsoft Visual Studio Solution File, Format Version 12.00
# Visual Studio Version 16
VisualStudioVersion = 16.0.31424.327
MinimumVisualStudioVersion = 10.0.40219.1
Project("{FAE04EC0-301F-11D3-BF4B-00C04F79EFBC}") = "PlayerMusicale", "PlayerMusicale\PlayerMusicale.csproj", "{D49B8EBC-21B7-4EC8-91C9-E42FB1976BEC}"
EndProject
Global
	GlobalSection(SolutionConfigurationPlatforms) = preSolution
		Debug|Any CPU = Debug|Any CPU
		Release|Any CPU = Release|Any CPU
	EndGlobalSection
	GlobalSection(ProjectConfigurationPlatforms) = postSolution
		{D49B8EBC-21B7-4EC8-91C9-E42FB1976BEC}.Debug|Any CPU.ActiveCfg = Debug|Any CPU
		{D49B8EBC-21B7-4EC8-91C9-E42FB1976BEC}.Debug|Any CPU.Build.0 = Debug|Any CPU
		{D49B8EBC-21B7-4EC8-91C9-E42FB1976BEC}.Release|Any CPU.ActiveCfg = Release|Any CPU
		{D49B8EBC-21B7-4EC8-91C9-E42FB1976BEC}.Release|Any CPU.Build.0 = Release|Any CPU
	EndGlobalSection
	GlobalSection(SolutionProperties) = preSolution
		HideSolutionNode = FALSE
	EndGlobalSection
	GlobalSection(ExtensibilityGlobals) = postSolution
		SolutionGuid = {40FB1440-0D65-4EA0-9A98-CF7978B19D26}
	EndGlobalSection
EndGlobal
